<?xml version="1.0" encoding="utf-8"?>
<Project ToolsVersion="4.0" xmlns="http://schemas.microsoft.com/developer/msbuild/2003">
  <ItemGroup>
    <Filter Include="Source Files">
      <UniqueIdentifier>{4FC737F1-C7A5-4376-A066-2A32D752A2FF}</UniqueIdentifier>
      <Extensions>cpp;c;cc;cxx;c++;cppm;ixx;def;odl;idl;hpj;bat;asm;asmx</Extensions>
    </Filter>
    <Filter Include="Header Files">
      <UniqueIdentifier>{93995380-89BD-4b04-88EB-625FBE52EBFB}</UniqueIdentifier>
      <Extensions>h;hh;hpp;hxx;h++;hm;inl;inc;ipp;xsd</Extensions>
    </Filter>
    <Filter Include="Resource Files">
      <UniqueIdentifier>{67DA6AB6-F800-4c08-8B7A-83BB121AAD01}</UniqueIdentifier>
      <Extensions>rc;ico;cur;bmp;dlg;rc2;rct;bin;rgs;gif;jpg;jpeg;jpe;resx;tiff;tif;png;wav;mfcribbon-ms</Extensions>
    </Filter>
  </ItemGroup>
  <ItemGroup>
    <ClCompile Include="shell\auth\authux\consolelogon\dll\dllmain.cpp">
      <Filter>Source Files</Filter>
    </ClCompile>
    <ClCompile Include="shell\auth\authux\consolelogon\lib\consolelogon.cpp">
      <Filter>Source Files</Filter>
    </ClCompile>
    <ClCompile Include="shell\auth\authux\consolelogon\lib\consoleuimanager.cpp">
      <Filter>Source Files</Filter>
    </ClCompile>
    <ClCompile Include="shell\auth\authux\consolelogon\lib\consoleuiview.cpp">
      <Filter>Source Files</Filter>
    </ClCompile>
    <ClCompile Include="shell\auth\authux\consolelogon\lib\controlhandle.cpp">
      <Filter>Source Files</Filter>
    </ClCompile>
    <ClCompile Include="shell\auth\authux\consolelogon\lib\controlbase.cpp">
      <Filter>Source Files</Filter>
    </ClCompile>
    <ClCompile Include="shell\auth\authux\consolelogon\lib\basictextcontrol.cpp">
      <Filter>Source Files</Filter>
    </ClCompile>
    <ClCompile Include="shell\auth\authux\consolelogon\lib\logonviewmanager.cpp">
      <Filter>Source Files</Filter>
    </ClCompile>
  </ItemGroup>
  <ItemGroup>
    <ClInclude Include="shell\auth\authux\consolelogon\dll\pch.h">
      <Filter>Header Files</Filter>
    </ClInclude>
    <ClInclude Include="resource.h">
      <Filter>Header Files</Filter>
    </ClInclude>
    <ClInclude Include="sdk\inc\logoninterfaces.h">
      <Filter>Header Files</Filter>
    </ClInclude>
    <ClInclude Include="shell\auth\authux\consolelogon\lib\logonviewmanager.h">
      <Filter>Header Files</Filter>
    </ClInclude>
    <ClInclude Include="shell\auth\authux\consolelogon\lib\consoleuimanager.h">
      <Filter>Header Files</Filter>
    </ClInclude>
    <ClInclude Include="sdk\inc\AgileGitPtr.h">
      <Filter>Header Files</Filter>
    </ClInclude>
    <ClInclude Include="sdk\inc\ContainerPolicies.h">
      <Filter>Header Files</Filter>
    </ClInclude>
    <ClInclude Include="sdk\inc\GitPtr.h">
      <Filter>Header Files</Filter>
    </ClInclude>
    <ClInclude Include="sdk\inc\InternalAsync.h">
      <Filter>Header Files</Filter>
    </ClInclude>
    <ClInclude Include="sdk\inc\MarshaledInterface.h">
      <Filter>Header Files</Filter>
    </ClInclude>
    <ClInclude Include="sdk\inc\memsafe.h">
      <Filter>Header Files</Filter>
    </ClInclude>
    <ClInclude Include="sdk\inc\RefCountedObject.h">
      <Filter>Header Files</Filter>
    </ClInclude>
    <ClInclude Include="sdk\inc\ResultUtils.h">
      <Filter>Header Files</Filter>
    </ClInclude>
    <ClInclude Include="sdk\inc\SimpleArray.h">
      <Filter>Header Files</Filter>
    </ClInclude>
    <ClInclude Include="shell\auth\authux\consolelogon\lib\consoleuiview.h">
      <Filter>Header Files</Filter>
    </ClInclude>
    <ClInclude Include="shell\auth\authux\consolelogon\lib\controlhandle.h">
      <Filter>Header Files</Filter>
    </ClInclude>
    <ClInclude Include="shell\auth\authux\consolelogon\lib\controlbase.h">
      <Filter>Header Files</Filter>
    </ClInclude>
    <ClInclude Include="sdk\inc\NativeString.h">
      <Filter>Header Files</Filter>
    </ClInclude>
    <ClInclude Include="shell\auth\authux\consolelogon\lib\basictextcontrol.h">
      <Filter>Header Files</Filter>
    </ClInclude>
  </ItemGroup>
  <ItemGroup>
    <ResourceCompile Include="shell\auth\authux\consolelogon\dll\consolelogon.rc">
      <Filter>Resource Files</Filter>
    </ResourceCompile>
  </ItemGroup>
  <ItemGroup>
    <None Include="shell\auth\authux\consolelogon\dll\ConsoleLogon.def">
      <Filter>Source Files</Filter>
    </None>
    <None Include="packages.config" />
  </ItemGroup>
  <ItemGroup>
    <Natvis Include="$(MSBuildThisFileDirectory)..\..\natvis\wil.natvis" />
  </ItemGroup>
</Project>