
Microsoft Visual Studio Solution File, Format Version 12.00
# Visual Studio Version 17
VisualStudioVersion = 17.11.35303.130
MinimumVisualStudioVersion = 10.0.40219.1
Project("{8BC9CEB8-8B4A-11D0-8D11-00A0C91BC942}") = "ConsoleLogon", "ConsoleLogon.vcxproj", "{DD1A9C44-EF9A-406E-8023-38085C2B3BDE}"
EndProject
Global
	GlobalSection(SolutionConfigurationPlatforms) = preSolution
		Debug.RS2|x86 = Debug.RS2|Win32
		Debug.RS2|x64 = Debug.RS2|x64
		Debug.RS2|ARM64 = Debug.RS2|ARM64
		Release.RS2|x86 = Release.RS2|Win32
		Release.RS2|x64 = Release.RS2|x64
		Release.RS2|ARM64 = Release.RS2|ARM64

		Debug.RS3|x86 = Debug.RS3|Win32
		Debug.RS3|x64 = Debug.RS3|x64
		Debug.RS3|ARM64 = Debug.RS3|ARM64
		Release.RS3|x86 = Release.RS3|Win32
		Release.RS3|x64 = Release.RS3|x64
		Release.RS3|ARM64 = Release.RS3|ARM64

		Debug.RS4|x86 = Debug.RS4|Win32
		Debug.RS4|x64 = Debug.RS4|x64
		Debug.RS4|ARM64 = Debug.RS4|ARM64
		Release.RS4|x86 = Release.RS4|Win32
		Release.RS4|x64 = Release.RS4|x64
		Release.RS4|ARM64 = Release.RS4|ARM64

		Debug.RS5|x86 = Debug.RS5|Win32
		Debug.RS5|x64 = Debug.RS5|x64
		Debug.RS5|ARM64 = Debug.RS5|ARM64
		Release.RS5|x86 = Release.RS5|Win32
		Release.RS5|x64 = Release.RS5|x64
		Release.RS5|ARM64 = Release.RS5|ARM64

		Debug.19H1|x86 = Debug.19H1|Win32
		Debug.19H1|x64 = Debug.19H1|x64
		Debug.19H1|ARM64 = Debug.19H1|ARM64
		Release.19H1|x86 = Release.19H1|Win32
		Release.19H1|x64 = Release.19H1|x64
		Release.19H1|ARM64 = Release.19H1|ARM64

		Debug.VB|x86 = Debug.VB|Win32
		Debug.VB|x64 = Debug.VB|x64
		Debug.VB|ARM64 = Debug.VB|ARM64
		Release.VB|x86 = Release.VB|Win32
		Release.VB|x64 = Release.VB|x64
		Release.VB|ARM64 = Release.VB|ARM64

		Debug.MN|x86 = Debug.MN|Win32
		Debug.MN|x64 = Debug.MN|x64
		Debug.MN|ARM64 = Debug.MN|ARM64
		Release.MN|x86 = Release.MN|Win32
		Release.MN|x64 = Release.MN|x64
		Release.MN|ARM64 = Release.MN|ARM64

		Debug.FE|x86 = Debug.FE|Win32
		Debug.FE|x64 = Debug.FE|x64
		Debug.FE|ARM64 = Debug.FE|ARM64
		Release.FE|x86 = Release.FE|Win32
		Release.FE|x64 = Release.FE|x64
		Release.FE|ARM64 = Release.FE|ARM64

		Debug.CO|x86 = Debug.CO|Win32
		Debug.CO|x64 = Debug.CO|x64
		Debug.CO|ARM64 = Debug.CO|ARM64
		Release.CO|x86 = Release.CO|Win32
		Release.CO|x64 = Release.CO|x64
		Release.CO|ARM64 = Release.CO|ARM64

		Debug.NI|x86 = Debug.NI|Win32
		Debug.NI|x64 = Debug.NI|x64
		Debug.NI|ARM64 = Debug.NI|ARM64
		Release.NI|x86 = Release.NI|Win32
		Release.NI|x64 = Release.NI|x64
		Release.NI|ARM64 = Release.NI|ARM64

		Debug.ZN|x86 = Debug.ZN|Win32
		Debug.ZN|x64 = Debug.ZN|x64
		Debug.ZN|ARM64 = Debug.ZN|ARM64
		Release.ZN|x86 = Release.ZN|Win32
		Release.ZN|x64 = Release.ZN|x64
		Release.ZN|ARM64 = Release.ZN|ARM64

		Debug.GE|x86 = Debug.GE|Win32
		Debug.GE|x64 = Debug.GE|x64
		Debug.GE|ARM64 = Debug.GE|ARM64
		Release.GE|x86 = Release.GE|Win32
		Release.GE|x64 = Release.GE|x64
		Release.GE|ARM64 = Release.GE|ARM64
	EndGlobalSection
	GlobalSection(ProjectConfigurationPlatforms) = postSolution
		{DD1A9C44-EF9A-406E-8023-38085C2B3BDE}.Debug.RS2|x86.ActiveCfg = Debug.RS2|Win32
		{DD1A9C44-EF9A-406E-8023-38085C2B3BDE}.Debug.RS2|x86.Build.0 = Debug.RS2|Win32
		{DD1A9C44-EF9A-406E-8023-38085C2B3BDE}.Debug.RS2|x64.ActiveCfg = Debug.RS2|x64
		{DD1A9C44-EF9A-406E-8023-38085C2B3BDE}.Debug.RS2|x64.Build.0 = Debug.RS2|x64
		{DD1A9C44-EF9A-406E-8023-38085C2B3BDE}.Debug.RS2|ARM64.ActiveCfg = Debug.RS2|ARM64
		{DD1A9C44-EF9A-406E-8023-38085C2B3BDE}.Debug.RS2|ARM64.Build.0 = Debug.RS2|ARM64
		{DD1A9C44-EF9A-406E-8023-38085C2B3BDE}.Release.RS2|x86.ActiveCfg = Release.RS2|Win32
		{DD1A9C44-EF9A-406E-8023-38085C2B3BDE}.Release.RS2|x86.Build.0 = Release.RS2|Win32
		{DD1A9C44-EF9A-406E-8023-38085C2B3BDE}.Release.RS2|x64.ActiveCfg = Release.RS2|x64
		{DD1A9C44-EF9A-406E-8023-38085C2B3BDE}.Release.RS2|x64.Build.0 = Release.RS2|x64
		{DD1A9C44-EF9A-406E-8023-38085C2B3BDE}.Release.RS2|ARM64.ActiveCfg = Release.RS2|ARM64
		{DD1A9C44-EF9A-406E-8023-38085C2B3BDE}.Release.RS2|ARM64.Build.0 = Release.RS2|ARM64

		{DD1A9C44-EF9A-406E-8023-38085C2B3BDE}.Debug.RS3|x86.ActiveCfg = Debug.RS3|Win32
		{DD1A9C44-EF9A-406E-8023-38085C2B3BDE}.Debug.RS3|x86.Build.0 = Debug.RS3|Win32
		{DD1A9C44-EF9A-406E-8023-38085C2B3BDE}.Debug.RS3|x64.ActiveCfg = Debug.RS3|x64
		{DD1A9C44-EF9A-406E-8023-38085C2B3BDE}.Debug.RS3|x64.Build.0 = Debug.RS3|x64
		{DD1A9C44-EF9A-406E-8023-38085C2B3BDE}.Debug.RS3|ARM64.ActiveCfg = Debug.RS3|ARM64
		{DD1A9C44-EF9A-406E-8023-38085C2B3BDE}.Debug.RS3|ARM64.Build.0 = Debug.RS3|ARM64
		{DD1A9C44-EF9A-406E-8023-38085C2B3BDE}.Release.RS3|x86.ActiveCfg = Release.RS3|Win32
		{DD1A9C44-EF9A-406E-8023-38085C2B3BDE}.Release.RS3|x86.Build.0 = Release.RS3|Win32
		{DD1A9C44-EF9A-406E-8023-38085C2B3BDE}.Release.RS3|x64.ActiveCfg = Release.RS3|x64
		{DD1A9C44-EF9A-406E-8023-38085C2B3BDE}.Release.RS3|x64.Build.0 = Release.RS3|x64
		{DD1A9C44-EF9A-406E-8023-38085C2B3BDE}.Release.RS3|ARM64.ActiveCfg = Release.RS3|ARM64
		{DD1A9C44-EF9A-406E-8023-38085C2B3BDE}.Release.RS3|ARM64.Build.0 = Release.RS3|ARM64

		{DD1A9C44-EF9A-406E-8023-38085C2B3BDE}.Debug.RS4|x86.ActiveCfg = Debug.RS4|Win32
		{DD1A9C44-EF9A-406E-8023-38085C2B3BDE}.Debug.RS4|x86.Build.0 = Debug.RS4|Win32
		{DD1A9C44-EF9A-406E-8023-38085C2B3BDE}.Debug.RS4|x64.ActiveCfg = Debug.RS4|x64
		{DD1A9C44-EF9A-406E-8023-38085C2B3BDE}.Debug.RS4|x64.Build.0 = Debug.RS4|x64
		{DD1A9C44-EF9A-406E-8023-38085C2B3BDE}.Debug.RS4|ARM64.ActiveCfg = Debug.RS4|ARM64
		{DD1A9C44-EF9A-406E-8023-38085C2B3BDE}.Debug.RS4|ARM64.Build.0 = Debug.RS4|ARM64
		{DD1A9C44-EF9A-406E-8023-38085C2B3BDE}.Release.RS4|x86.ActiveCfg = Release.RS4|Win32
		{DD1A9C44-EF9A-406E-8023-38085C2B3BDE}.Release.RS4|x86.Build.0 = Release.RS4|Win32
		{DD1A9C44-EF9A-406E-8023-38085C2B3BDE}.Release.RS4|x64.ActiveCfg = Release.RS4|x64
		{DD1A9C44-EF9A-406E-8023-38085C2B3BDE}.Release.RS4|x64.Build.0 = Release.RS4|x64
		{DD1A9C44-EF9A-406E-8023-38085C2B3BDE}.Release.RS4|ARM64.ActiveCfg = Release.RS4|ARM64
		{DD1A9C44-EF9A-406E-8023-38085C2B3BDE}.Release.RS4|ARM64.Build.0 = Release.RS4|ARM64

		{DD1A9C44-EF9A-406E-8023-38085C2B3BDE}.Debug.RS5|x86.ActiveCfg = Debug.RS5|Win32
		{DD1A9C44-EF9A-406E-8023-38085C2B3BDE}.Debug.RS5|x86.Build.0 = Debug.RS5|Win32
		{DD1A9C44-EF9A-406E-8023-38085C2B3BDE}.Debug.RS5|x64.ActiveCfg = Debug.RS5|x64
		{DD1A9C44-EF9A-406E-8023-38085C2B3BDE}.Debug.RS5|x64.Build.0 = Debug.RS5|x64
		{DD1A9C44-EF9A-406E-8023-38085C2B3BDE}.Debug.RS5|ARM64.ActiveCfg = Debug.RS5|ARM64
		{DD1A9C44-EF9A-406E-8023-38085C2B3BDE}.Debug.RS5|ARM64.Build.0 = Debug.RS5|ARM64
		{DD1A9C44-EF9A-406E-8023-38085C2B3BDE}.Release.RS5|x86.ActiveCfg = Release.RS5|Win32
		{DD1A9C44-EF9A-406E-8023-38085C2B3BDE}.Release.RS5|x86.Build.0 = Release.RS5|Win32
		{DD1A9C44-EF9A-406E-8023-38085C2B3BDE}.Release.RS5|x64.ActiveCfg = Release.RS5|x64
		{DD1A9C44-EF9A-406E-8023-38085C2B3BDE}.Release.RS5|x64.Build.0 = Release.RS5|x64
		{DD1A9C44-EF9A-406E-8023-38085C2B3BDE}.Release.RS5|ARM64.ActiveCfg = Release.RS5|ARM64
		{DD1A9C44-EF9A-406E-8023-38085C2B3BDE}.Release.RS5|ARM64.Build.0 = Release.RS5|ARM64

		{DD1A9C44-EF9A-406E-8023-38085C2B3BDE}.Debug.19H1|x86.ActiveCfg = Debug.19H1|Win32
		{DD1A9C44-EF9A-406E-8023-38085C2B3BDE}.Debug.19H1|x86.Build.0 = Debug.19H1|Win32
		{DD1A9C44-EF9A-406E-8023-38085C2B3BDE}.Debug.19H1|x64.ActiveCfg = Debug.19H1|x64
		{DD1A9C44-EF9A-406E-8023-38085C2B3BDE}.Debug.19H1|x64.Build.0 = Debug.19H1|x64
		{DD1A9C44-EF9A-406E-8023-38085C2B3BDE}.Debug.19H1|ARM64.ActiveCfg = Debug.19H1|ARM64
		{DD1A9C44-EF9A-406E-8023-38085C2B3BDE}.Debug.19H1|ARM64.Build.0 = Debug.19H1|ARM64
		{DD1A9C44-EF9A-406E-8023-38085C2B3BDE}.Release.19H1|x86.ActiveCfg = Release.19H1|Win32
		{DD1A9C44-EF9A-406E-8023-38085C2B3BDE}.Release.19H1|x86.Build.0 = Release.19H1|Win32
		{DD1A9C44-EF9A-406E-8023-38085C2B3BDE}.Release.19H1|x64.ActiveCfg = Release.19H1|x64
		{DD1A9C44-EF9A-406E-8023-38085C2B3BDE}.Release.19H1|x64.Build.0 = Release.19H1|x64
		{DD1A9C44-EF9A-406E-8023-38085C2B3BDE}.Release.19H1|ARM64.ActiveCfg = Release.19H1|ARM64
		{DD1A9C44-EF9A-406E-8023-38085C2B3BDE}.Release.19H1|ARM64.Build.0 = Release.19H1|ARM64

		{DD1A9C44-EF9A-406E-8023-38085C2B3BDE}.Debug.VB|x86.ActiveCfg = Debug.VB|Win32
		{DD1A9C44-EF9A-406E-8023-38085C2B3BDE}.Debug.VB|x86.Build.0 = Debug.VB|Win32
		{DD1A9C44-EF9A-406E-8023-38085C2B3BDE}.Debug.VB|x64.ActiveCfg = Debug.VB|x64
		{DD1A9C44-EF9A-406E-8023-38085C2B3BDE}.Debug.VB|x64.Build.0 = Debug.VB|x64
		{DD1A9C44-EF9A-406E-8023-38085C2B3BDE}.Debug.VB|ARM64.ActiveCfg = Debug.VB|ARM64
		{DD1A9C44-EF9A-406E-8023-38085C2B3BDE}.Debug.VB|ARM64.Build.0 = Debug.VB|ARM64
		{DD1A9C44-EF9A-406E-8023-38085C2B3BDE}.Release.VB|x86.ActiveCfg = Release.VB|Win32
		{DD1A9C44-EF9A-406E-8023-38085C2B3BDE}.Release.VB|x86.Build.0 = Release.VB|Win32
		{DD1A9C44-EF9A-406E-8023-38085C2B3BDE}.Release.VB|x64.ActiveCfg = Release.VB|x64
		{DD1A9C44-EF9A-406E-8023-38085C2B3BDE}.Release.VB|x64.Build.0 = Release.VB|x64
		{DD1A9C44-EF9A-406E-8023-38085C2B3BDE}.Release.VB|ARM64.ActiveCfg = Release.VB|ARM64
		{DD1A9C44-EF9A-406E-8023-38085C2B3BDE}.Release.VB|ARM64.Build.0 = Release.VB|ARM64

		{DD1A9C44-EF9A-406E-8023-38085C2B3BDE}.Debug.MN|x86.ActiveCfg = Debug.MN|Win32
		{DD1A9C44-EF9A-406E-8023-38085C2B3BDE}.Debug.MN|x86.Build.0 = Debug.MN|Win32
		{DD1A9C44-EF9A-406E-8023-38085C2B3BDE}.Debug.MN|x64.ActiveCfg = Debug.MN|x64
		{DD1A9C44-EF9A-406E-8023-38085C2B3BDE}.Debug.MN|x64.Build.0 = Debug.MN|x64
		{DD1A9C44-EF9A-406E-8023-38085C2B3BDE}.Debug.MN|ARM64.ActiveCfg = Debug.MN|ARM64
		{DD1A9C44-EF9A-406E-8023-38085C2B3BDE}.Debug.MN|ARM64.Build.0 = Debug.MN|ARM64
		{DD1A9C44-EF9A-406E-8023-38085C2B3BDE}.Release.MN|x86.ActiveCfg = Release.MN|Win32
		{DD1A9C44-EF9A-406E-8023-38085C2B3BDE}.Release.MN|x86.Build.0 = Release.MN|Win32
		{DD1A9C44-EF9A-406E-8023-38085C2B3BDE}.Release.MN|x64.ActiveCfg = Release.MN|x64
		{DD1A9C44-EF9A-406E-8023-38085C2B3BDE}.Release.MN|x64.Build.0 = Release.MN|x64
		{DD1A9C44-EF9A-406E-8023-38085C2B3BDE}.Release.MN|ARM64.ActiveCfg = Release.MN|ARM64
		{DD1A9C44-EF9A-406E-8023-38085C2B3BDE}.Release.MN|ARM64.Build.0 = Release.MN|ARM64

		{DD1A9C44-EF9A-406E-8023-38085C2B3BDE}.Debug.FE|x86.ActiveCfg = Debug.FE|Win32
		{DD1A9C44-EF9A-406E-8023-38085C2B3BDE}.Debug.FE|x86.Build.0 = Debug.FE|Win32
		{DD1A9C44-EF9A-406E-8023-38085C2B3BDE}.Debug.FE|x64.ActiveCfg = Debug.FE|x64
		{DD1A9C44-EF9A-406E-8023-38085C2B3BDE}.Debug.FE|x64.Build.0 = Debug.FE|x64
		{DD1A9C44-EF9A-406E-8023-38085C2B3BDE}.Debug.FE|ARM64.ActiveCfg = Debug.FE|ARM64
		{DD1A9C44-EF9A-406E-8023-38085C2B3BDE}.Debug.FE|ARM64.Build.0 = Debug.FE|ARM64
		{DD1A9C44-EF9A-406E-8023-38085C2B3BDE}.Release.FE|x86.ActiveCfg = Release.FE|Win32
		{DD1A9C44-EF9A-406E-8023-38085C2B3BDE}.Release.FE|x86.Build.0 = Release.FE|Win32
		{DD1A9C44-EF9A-406E-8023-38085C2B3BDE}.Release.FE|x64.ActiveCfg = Release.FE|x64
		{DD1A9C44-EF9A-406E-8023-38085C2B3BDE}.Release.FE|x64.Build.0 = Release.FE|x64
		{DD1A9C44-EF9A-406E-8023-38085C2B3BDE}.Release.FE|ARM64.ActiveCfg = Release.FE|ARM64
		{DD1A9C44-EF9A-406E-8023-38085C2B3BDE}.Release.FE|ARM64.Build.0 = Release.FE|ARM64

		{DD1A9C44-EF9A-406E-8023-38085C2B3BDE}.Debug.CO|x86.ActiveCfg = Debug.CO|Win32
		{DD1A9C44-EF9A-406E-8023-38085C2B3BDE}.Debug.CO|x86.Build.0 = Debug.CO|Win32
		{DD1A9C44-EF9A-406E-8023-38085C2B3BDE}.Debug.CO|x64.ActiveCfg = Debug.CO|x64
		{DD1A9C44-EF9A-406E-8023-38085C2B3BDE}.Debug.CO|x64.Build.0 = Debug.CO|x64
		{DD1A9C44-EF9A-406E-8023-38085C2B3BDE}.Debug.CO|ARM64.ActiveCfg = Debug.CO|ARM64
		{DD1A9C44-EF9A-406E-8023-38085C2B3BDE}.Debug.CO|ARM64.Build.0 = Debug.CO|ARM64
		{DD1A9C44-EF9A-406E-8023-38085C2B3BDE}.Release.CO|x86.ActiveCfg = Release.CO|Win32
		{DD1A9C44-EF9A-406E-8023-38085C2B3BDE}.Release.CO|x86.Build.0 = Release.CO|Win32
		{DD1A9C44-EF9A-406E-8023-38085C2B3BDE}.Release.CO|x64.ActiveCfg = Release.CO|x64
		{DD1A9C44-EF9A-406E-8023-38085C2B3BDE}.Release.CO|x64.Build.0 = Release.CO|x64
		{DD1A9C44-EF9A-406E-8023-38085C2B3BDE}.Release.CO|ARM64.ActiveCfg = Release.CO|ARM64
		{DD1A9C44-EF9A-406E-8023-38085C2B3BDE}.Release.CO|ARM64.Build.0 = Release.CO|ARM64

		{DD1A9C44-EF9A-406E-8023-38085C2B3BDE}.Debug.NI|x86.ActiveCfg = Debug.NI|Win32
		{DD1A9C44-EF9A-406E-8023-38085C2B3BDE}.Debug.NI|x86.Build.0 = Debug.NI|Win32
		{DD1A9C44-EF9A-406E-8023-38085C2B3BDE}.Debug.NI|x64.ActiveCfg = Debug.NI|x64
		{DD1A9C44-EF9A-406E-8023-38085C2B3BDE}.Debug.NI|x64.Build.0 = Debug.NI|x64
		{DD1A9C44-EF9A-406E-8023-38085C2B3BDE}.Debug.NI|ARM64.ActiveCfg = Debug.NI|ARM64
		{DD1A9C44-EF9A-406E-8023-38085C2B3BDE}.Debug.NI|ARM64.Build.0 = Debug.NI|ARM64
		{DD1A9C44-EF9A-406E-8023-38085C2B3BDE}.Release.NI|x86.ActiveCfg = Release.NI|Win32
		{DD1A9C44-EF9A-406E-8023-38085C2B3BDE}.Release.NI|x86.Build.0 = Release.NI|Win32
		{DD1A9C44-EF9A-406E-8023-38085C2B3BDE}.Release.NI|x64.ActiveCfg = Release.NI|x64
		{DD1A9C44-EF9A-406E-8023-38085C2B3BDE}.Release.NI|x64.Build.0 = Release.NI|x64
		{DD1A9C44-EF9A-406E-8023-38085C2B3BDE}.Release.NI|ARM64.ActiveCfg = Release.NI|ARM64
		{DD1A9C44-EF9A-406E-8023-38085C2B3BDE}.Release.NI|ARM64.Build.0 = Release.NI|ARM64

		{DD1A9C44-EF9A-406E-8023-38085C2B3BDE}.Debug.ZN|x86.ActiveCfg = Debug.ZN|Win32
		{DD1A9C44-EF9A-406E-8023-38085C2B3BDE}.Debug.ZN|x86.Build.0 = Debug.ZN|Win32
		{DD1A9C44-EF9A-406E-8023-38085C2B3BDE}.Debug.ZN|x64.ActiveCfg = Debug.ZN|x64
		{DD1A9C44-EF9A-406E-8023-38085C2B3BDE}.Debug.ZN|x64.Build.0 = Debug.ZN|x64
		{DD1A9C44-EF9A-406E-8023-38085C2B3BDE}.Debug.ZN|ARM64.ActiveCfg = Debug.ZN|ARM64
		{DD1A9C44-EF9A-406E-8023-38085C2B3BDE}.Debug.ZN|ARM64.Build.0 = Debug.ZN|ARM64
		{DD1A9C44-EF9A-406E-8023-38085C2B3BDE}.Release.ZN|x86.ActiveCfg = Release.ZN|Win32
		{DD1A9C44-EF9A-406E-8023-38085C2B3BDE}.Release.ZN|x86.Build.0 = Release.ZN|Win32
		{DD1A9C44-EF9A-406E-8023-38085C2B3BDE}.Release.ZN|x64.ActiveCfg = Release.ZN|x64
		{DD1A9C44-EF9A-406E-8023-38085C2B3BDE}.Release.ZN|x64.Build.0 = Release.ZN|x64
		{DD1A9C44-EF9A-406E-8023-38085C2B3BDE}.Release.ZN|ARM64.ActiveCfg = Release.ZN|ARM64
		{DD1A9C44-EF9A-406E-8023-38085C2B3BDE}.Release.ZN|ARM64.Build.0 = Release.ZN|ARM64

		{DD1A9C44-EF9A-406E-8023-38085C2B3BDE}.Debug.GE|x86.ActiveCfg = Debug.GE|Win32
		{DD1A9C44-EF9A-406E-8023-38085C2B3BDE}.Debug.GE|x86.Build.0 = Debug.GE|Win32
		{DD1A9C44-EF9A-406E-8023-38085C2B3BDE}.Debug.GE|x64.ActiveCfg = Debug.GE|x64
		{DD1A9C44-EF9A-406E-8023-38085C2B3BDE}.Debug.GE|x64.Build.0 = Debug.GE|x64
		{DD1A9C44-EF9A-406E-8023-38085C2B3BDE}.Debug.GE|ARM64.ActiveCfg = Debug.GE|ARM64
		{DD1A9C44-EF9A-406E-8023-38085C2B3BDE}.Debug.GE|ARM64.Build.0 = Debug.GE|ARM64
		{DD1A9C44-EF9A-406E-8023-38085C2B3BDE}.Release.GE|x86.ActiveCfg = Release.GE|Win32
		{DD1A9C44-EF9A-406E-8023-38085C2B3BDE}.Release.GE|x86.Build.0 = Release.GE|Win32
		{DD1A9C44-EF9A-406E-8023-38085C2B3BDE}.Release.GE|x64.ActiveCfg = Release.GE|x64
		{DD1A9C44-EF9A-406E-8023-38085C2B3BDE}.Release.GE|x64.Build.0 = Release.GE|x64
		{DD1A9C44-EF9A-406E-8023-38085C2B3BDE}.Release.GE|ARM64.ActiveCfg = Release.GE|ARM64
		{DD1A9C44-EF9A-406E-8023-38085C2B3BDE}.Release.GE|ARM64.Build.0 = Release.GE|ARM64
	EndGlobalSection
	GlobalSection(SolutionProperties) = preSolution
		HideSolutionNode = FALSE
	EndGlobalSection
	GlobalSection(ExtensibilityGlobals) = postSolution
		SolutionGuid = {029E7D20-B7B5-40CE-81A7-051CE525FC4C}
	EndGlobalSection
EndGlobal
