
Microsoft Visual Studio Solution File, Format Version 12.00
# Visual Studio Version 17
VisualStudioVersion = 17.11.35303.130
MinimumVisualStudioVersion = 10.0.40219.1
Project("{8BC9CEB8-8B4A-11D0-8D11-00A0C91BC942}") = "ConsoleLogon", "ConsoleLogon.vcxproj", "{DD1A9C44-EF9A-406E-8023-38085C2B3BDE}"
EndProject
Global
	GlobalSection(SolutionConfigurationPlatforms) = preSolution
		Debug|x64 = Debug|x64
		Debug|x86 = Debug|x86
		Debug|ARM64 = Debug|ARM64
		Release|x64 = Release|x64
		Release|x86 = Release|x86
		Release|ARM64 = Release|ARM64
	EndGlobalSection
	GlobalSection(ProjectConfigurationPlatforms) = postSolution
		{DD1A9C44-EF9A-406E-8023-38085C2B3BDE}.Debug|x64.ActiveCfg = Debug|x64
		{DD1A9C44-EF9A-406E-8023-38085C2B3BDE}.Debug|x64.Build.0 = Debug|x64
		{DD1A9C44-EF9A-406E-8023-38085C2B3BDE}.Debug|x86.ActiveCfg = Debug|Win32
		{DD1A9C44-EF9A-406E-8023-38085C2B3BDE}.Debug|x86.Build.0 = Debug|Win32
		{DD1A9C44-EF9A-406E-8023-38085C2B3BDE}.Release|x64.ActiveCfg = Release|x64
		{DD1A9C44-EF9A-406E-8023-38085C2B3BDE}.Release|x64.Build.0 = Release|x64
		{DD1A9C44-EF9A-406E-8023-38085C2B3BDE}.Release|x86.ActiveCfg = Release|Win32
		{DD1A9C44-EF9A-406E-8023-38085C2B3BDE}.Release|x86.Build.0 = Release|Win32
		{DD1A9C44-EF9A-406E-8023-38085C2B3BDE}.Debug|ARM64.ActiveCfg = Debug|ARM64
		{DD1A9C44-EF9A-406E-8023-38085C2B3BDE}.Debug|ARM64.Build.0 = Debug|ARM64
		{DD1A9C44-EF9A-406E-8023-38085C2B3BDE}.Release|ARM64.ActiveCfg = Release|ARM64
		{DD1A9C44-EF9A-406E-8023-38085C2B3BDE}.Release|ARM64.Build.0 = Release|ARM64
	EndGlobalSection
	GlobalSection(SolutionProperties) = preSolution
		HideSolutionNode = FALSE
	EndGlobalSection
	GlobalSection(ExtensibilityGlobals) = postSolution
		SolutionGuid = {029E7D20-B7B5-40CE-81A7-051CE525FC4C}
	EndGlobalSection
EndGlobal
